{
    "_readme": [
        "This file locks the dependencies of your project to a known state",
        "Read more about it at https://getcomposer.org/doc/01-basic-usage.md#composer-lock-the-lock-file",
        "This file is @generated automatically"
    ],
    "content-hash": "86db46ffcb559b409bea6976564a6573",
    "packages": [
        {
            "name": "pentagonal/phpass",
            "version": "1.1.0",
            "source": {
                "type": "git",
                "url": "https://github.com/pentagonal/phpass.git",
                "reference": "cf998e89b3c6caa96ea15246a2d754d692e9be49"
            },
            "dist": {
                "type": "zip",
                "url": "https://api.github.com/repos/pentagonal/phpass/zipball/cf998e89b3c6caa96ea15246a2d754d692e9be49",
                "reference": "cf998e89b3c6caa96ea15246a2d754d692e9be49",
                "shasum": ""
            },
            "require": {
                "php": ">=5.2"
            },
            "type": "library",
            "autoload": {
                "psr-0": {
                    "Pentagonal\\PhPass": "src/"
                }
            },
            "notification-url": "https://packagist.org/downloads/",
            "license": [
                "Public Domain"
            ],
            "authors": [
                {
                    "name": "Solar Designer",
                    "email": "solar@openwall.com",
                    "homepage": "http://openwall.com/phpass/"
                }
            ],
            "description": "PHP password hashing library original by open wall PhPass",
            "homepage": "http://github.com/pentagonal/phpass/",
            "keywords": [
                "blowfish",
                "crypt",
                "hash",
                "password",
                "security"
            ],
            "time": "2017-01-16T06:08:14+00:00"
        }
    ],
    "packages-dev": [],
    "aliases": [],
    "minimum-stability": "stable",
    "stability-flags": [],
    "prefer-stable": false,
    "prefer-lowest": false,
    "platform": {
        "php": ">=5.6.0"
    },
    "platform-dev": []
}
